
Microsoft Visual Studio Solution File, Format Version 12.00
# Visual Studio Version 17
VisualStudioVersion = 17.10.35122.118
MinimumVisualStudioVersion = 10.0.40219.1
Project("{FAE04EC0-301F-11D3-BF4B-00C04F79EFBC}") = "WorkbenchAutomation", "WorkbenchAutomation.csproj", "{8C42E8EE-BA38-4BF3-BF87-B0F945869C73}"
EndProject
Global
	GlobalSection(SolutionConfigurationPlatforms) = preSolution
		Debug|Any CPU = Debug|Any CPU
		Release|Any CPU = Release|Any CPU
	EndGlobalSection
	GlobalSection(ProjectConfigurationPlatforms) = postSolution
		{8C42E8EE-BA38-4BF3-BF87-B0F945869C73}.Debug|Any CPU.ActiveCfg = Debug|Any CPU
		{8C42E8EE-BA38-4BF3-BF87-B0F945869C73}.Debug|Any CPU.Build.0 = Debug|Any CPU
		{8C42E8EE-BA38-4BF3-BF87-B0F945869C73}.Release|Any CPU.ActiveCfg = Release|Any CPU
		{8C42E8EE-BA38-4BF3-BF87-B0F945869C73}.Release|Any CPU.Build.0 = Release|Any CPU
	EndGlobalSection
	GlobalSection(SolutionProperties) = preSolution
		HideSolutionNode = FALSE
	EndGlobalSection
	GlobalSection(ExtensibilityGlobals) = postSolution
		SolutionGuid = {D3B0B910-AAA2-4F7A-A646-98DBA0A25C29}
	EndGlobalSection
EndGlobal
